// !$*UTF8*$!
{
	archiveVersion = 1;
	classes = {
	};
	objectVersion = 46;
	objects = {

/* Begin PBXBuildFile section */
		7C08CC231C60933300F54015 /* back.png in Resources */ = {isa = PBXBuildFile; fileRef = 7C08CC221C60933300F54015 /* back.png */; };
		7C80531D1C3CD5E400F6A2D4 /* Untitled.png in Resources */ = {isa = PBXBuildFile; fileRef = 7C80531C1C3CD5E400F6A2D4 /* Untitled.png */; };
		7CCD35921BF78BB10097E830 /* AppDelegate.swift in Sources */ = {isa = PBXBuildFile; fileRef = 7CCD35911BF78BB10097E830 /* AppDelegate.swift */; };
		7CCD35941BF78BB10097E830 /* MasterViewController.swift in Sources */ = {isa = PBXBuildFile; fileRef = 7CCD35931BF78BB10097E830 /* MasterViewController.swift */; };
		7CCD35961BF78BB10097E830 /* DetailViewController.swift in Sources */ = {isa = PBXBuildFile; fileRef = 7CCD35951BF78BB10097E830 /* DetailViewController.swift */; };
		7CCD35991BF78BB10097E830 /* Main.storyboard in Resources */ = {isa = PBXBuildFile; fileRef = 7CCD35971BF78BB10097E830 /* Main.storyboard */; };
		7CCD359B1BF78BB10097E830 /* Images.xcassets in Resources */ = {isa = PBXBuildFile; fileRef = 7CCD359A1BF78BB10097E830 /* Images.xcassets */; };
		7CCD359E1BF78BB10097E830 /* LaunchScreen.xib in Resources */ = {isa = PBXBuildFile; fileRef = 7CCD359C1BF78BB10097E830 /* LaunchScreen.xib */; };
		7CCD35AA1BF78BB10097E830 /* BOTMAKERTests.swift in Sources */ = {isa = PBXBuildFile; fileRef = 7CCD35A91BF78BB10097E830 /* BOTMAKERTests.swift */; };
		7CCD35B81BF78CEE0097E830 /* Fabric.framework in Frameworks */ = {isa = PBXBuildFile; fileRef = 7CCD35B41BF78CEE0097E830 /* Fabric.framework */; };
		7CCD35B91BF78CEE0097E830 /* TwitterKit.framework in Frameworks */ = {isa = PBXBuildFile; fileRef = 7CCD35B51BF78CEE0097E830 /* TwitterKit.framework */; };
		7CCD35BA1BF78CEE0097E830 /* TwitterKitResources.bundle in Resources */ = {isa = PBXBuildFile; fileRef = 7CCD35B61BF78CEE0097E830 /* TwitterKitResources.bundle */; };
		7CCD35BB1BF78CEE0097E830 /* TwitterCore.framework in Frameworks */ = {isa = PBXBuildFile; fileRef = 7CCD35B71BF78CEE0097E830 /* TwitterCore.framework */; };
		7CCD35BD1BFCB7550097E830 /* AddViewController.swift in Sources */ = {isa = PBXBuildFile; fileRef = 7CCD35BC1BFCB7550097E830 /* AddViewController.swift */; };
		7CCD35FD1C007A0D0097E830 /* LoginViewController.swift in Sources */ = {isa = PBXBuildFile; fileRef = 7CCD35FC1C007A0D0097E830 /* LoginViewController.swift */; };
/* End PBXBuildFile section */

/* Begin PBXContainerItemProxy section */
		7CCD35A41BF78BB10097E830 /* PBXContainerItemProxy */ = {
			isa = PBXContainerItemProxy;
			containerPortal = 7CCD35841BF78BB10097E830 /* Project object */;
			proxyType = 1;
			remoteGlobalIDString = 7CCD358B1BF78BB10097E830;
			remoteInfo = BOTMAKER;
		};
/* End PBXContainerItemProxy section */

/* Begin PBXFileReference section */
		7C08CC221C60933300F54015 /* back.png */ = {isa = PBXFileReference; lastKnownFileType = image.png; path = back.png; sourceTree = "<group>"; };
		7C80531C1C3CD5E400F6A2D4 /* Untitled.png */ = {isa = PBXFileReference; lastKnownFileType = image.png; path = Untitled.png; sourceTree = "<group>"; };
		7CCD358C1BF78BB10097E830 /* BOTMAKER.app */ = {isa = PBXFileReference; explicitFileType = wrapper.application; includeInIndex = 0; path = BOTMAKER.app; sourceTree = BUILT_PRODUCTS_DIR; };
		7CCD35901BF78BB10097E830 /* Info.plist */ = {isa = PBXFileReference; lastKnownFileType = text.plist.xml; path = Info.plist; sourceTree = "<group>"; };
		7CCD35911BF78BB10097E830 /* AppDelegate.swift */ = {isa = PBXFileReference; lastKnownFileType = sourcecode.swift; path = AppDelegate.swift; sourceTree = "<group>"; };
		7CCD35931BF78BB10097E830 /* MasterViewController.swift */ = {isa = PBXFileReference; lastKnownFileType = sourcecode.swift; path = MasterViewController.swift; sourceTree = "<group>"; };
		7CCD35951BF78BB10097E830 /* DetailViewController.swift */ = {isa = PBXFileReference; lastKnownFileType = sourcecode.swift; path = DetailViewController.swift; sourceTree = "<group>"; };
		7CCD35981BF78BB10097E830 /* Base */ = {isa = PBXFileReference; lastKnownFileType = file.storyboard; name = Base; path = Base.lproj/Main.storyboard; sourceTree = "<group>"; };
		7CCD359A1BF78BB10097E830 /* Images.xcassets */ = {isa = PBXFileReference; lastKnownFileType = folder.assetcatalog; path = Images.xcassets; sourceTree = "<group>"; };
		7CCD359D1BF78BB10097E830 /* Base */ = {isa = PBXFileReference; lastKnownFileType = file.xib; name = Base; path = Base.lproj/LaunchScreen.xib; sourceTree = "<group>"; };
		7CCD35A31BF78BB10097E830 /* BOTMAKERTests.xctest */ = {isa = PBXFileReference; explicitFileType = wrapper.cfbundle; includeInIndex = 0; path = BOTMAKERTests.xctest; sourceTree = BUILT_PRODUCTS_DIR; };
		7CCD35A81BF78BB10097E830 /* Info.plist */ = {isa = PBXFileReference; lastKnownFileType = text.plist.xml; path = Info.plist; sourceTree = "<group>"; };
		7CCD35A91BF78BB10097E830 /* BOTMAKERTests.swift */ = {isa = PBXFileReference; lastKnownFileType = sourcecode.swift; path = BOTMAKERTests.swift; sourceTree = "<group>"; };
		7CCD35B41BF78CEE0097E830 /* Fabric.framework */ = {isa = PBXFileReference; lastKnownFileType = wrapper.framework; path = Fabric.framework; sourceTree = "<group>"; };
		7CCD35B51BF78CEE0097E830 /* TwitterKit.framework */ = {isa = PBXFileReference; lastKnownFileType = wrapper.framework; path = TwitterKit.framework; sourceTree = "<group>"; };
		7CCD35B61BF78CEE0097E830 /* TwitterKitResources.bundle */ = {isa = PBXFileReference; lastKnownFileType = "wrapper.plug-in"; path = TwitterKitResources.bundle; sourceTree = "<group>"; };
		7CCD35B71BF78CEE0097E830 /* TwitterCore.framework */ = {isa = PBXFileReference; lastKnownFileType = wrapper.framework; path = TwitterCore.framework; sourceTree = "<group>"; };
		7CCD35BC1BFCB7550097E830 /* AddViewController.swift */ = {isa = PBXFileReference; fileEncoding = 4; lastKnownFileType = sourcecode.swift; path = AddViewController.swift; sourceTree = "<group>"; };
		7CCD35FC1C007A0D0097E830 /* LoginViewController.swift */ = {isa = PBXFileReference; fileEncoding = 4; lastKnownFileType = sourcecode.swift; path = LoginViewController.swift; sourceTree = "<group>"; };
/* End PBXFileReference section */

/* Begin PBXFrameworksBuildPhase section */
		7CCD35891BF78BB10097E830 /* Frameworks */ = {
			isa = PBXFrameworksBuildPhase;
			buildActionMask = 2147483647;
			files = (
				7CCD35B81BF78CEE0097E830 /* Fabric.framework in Frameworks */,
				7CCD35BB1BF78CEE0097E830 /* TwitterCore.framework in Frameworks */,
				7CCD35B91BF78CEE0097E830 /* TwitterKit.framework in Frameworks */,
			);
			runOnlyForDeploymentPostprocessing = 0;
		};
		7CCD35A01BF78BB10097E830 /* Frameworks */ = {
			isa = PBXFrameworksBuildPhase;
			buildActionMask = 2147483647;
			files = (
			);
			runOnlyForDeploymentPostprocessing = 0;
		};
/* End PBXFrameworksBuildPhase section */

/* Begin PBXGroup section */
		7CCD35831BF78BB10097E830 = {
			isa = PBXGroup;
			children = (
				7C08CC221C60933300F54015 /* back.png */,
				7C80531C1C3CD5E400F6A2D4 /* Untitled.png */,
				7CCD358E1BF78BB10097E830 /* BOTMAKER */,
				7CCD35A61BF78BB10097E830 /* BOTMAKERTests */,
				7CCD358D1BF78BB10097E830 /* Products */,
			);
			sourceTree = "<group>";
		};
		7CCD358D1BF78BB10097E830 /* Products */ = {
			isa = PBXGroup;
			children = (
				7CCD358C1BF78BB10097E830 /* BOTMAKER.app */,
				7CCD35A31BF78BB10097E830 /* BOTMAKERTests.xctest */,
			);
			name = Products;
			sourceTree = "<group>";
		};
		7CCD358E1BF78BB10097E830 /* BOTMAKER */ = {
			isa = PBXGroup;
			children = (
				7CCD35911BF78BB10097E830 /* AppDelegate.swift */,
				7CCD35931BF78BB10097E830 /* MasterViewController.swift */,
				7CCD35951BF78BB10097E830 /* DetailViewController.swift */,
				7CCD35BC1BFCB7550097E830 /* AddViewController.swift */,
				7CCD35FC1C007A0D0097E830 /* LoginViewController.swift */,
				7CCD35971BF78BB10097E830 /* Main.storyboard */,
				7CCD359A1BF78BB10097E830 /* Images.xcassets */,
				7CCD359C1BF78BB10097E830 /* LaunchScreen.xib */,
				7CCD35B41BF78CEE0097E830 /* Fabric.framework */,
				7CCD35B51BF78CEE0097E830 /* TwitterKit.framework */,
				7CCD35B61BF78CEE0097E830 /* TwitterKitResources.bundle */,
				7CCD35B71BF78CEE0097E830 /* TwitterCore.framework */,
				7CCD358F1BF78BB10097E830 /* Supporting Files */,
			);
			path = BOTMAKER;
			sourceTree = "<group>";
		};
		7CCD358F1BF78BB10097E830 /* Supporting Files */ = {
			isa = PBXGroup;
			children = (
				7CCD35901BF78BB10097E830 /* Info.plist */,
			);
			name = "Supporting Files";
			sourceTree = "<group>";
		};
		7CCD35A61BF78BB10097E830 /* BOTMAKERTests */ = {
			isa = PBXGroup;
			children = (
				7CCD35A91BF78BB10097E830 /* BOTMAKERTests.swift */,
				7CCD35A71BF78BB10097E830 /* Supporting Files */,
			);
			path = BOTMAKERTests;
			sourceTree = "<group>";
		};
		7CCD35A71BF78BB10097E830 /* Supporting Files */ = {
			isa = PBXGroup;
			children = (
				7CCD35A81BF78BB10097E830 /* Info.plist */,
			);
			name = "Supporting Files";
			sourceTree = "<group>";
		};
/* End PBXGroup section */

/* Begin PBXNativeTarget section */
		7CCD358B1BF78BB10097E830 /* BOTMAKER */ = {
			isa = PBXNativeTarget;
			buildConfigurationList = 7CCD35AD1BF78BB10097E830 /* Build configuration list for PBXNativeTarget "BOTMAKER" */;
			buildPhases = (
				7CCD35881BF78BB10097E830 /* Sources */,
				7CCD35891BF78BB10097E830 /* Frameworks */,
				7CCD358A1BF78BB10097E830 /* Resources */,
				7CCD35B31BF78CBD0097E830 /* ShellScript */,
			);
			buildRules = (
			);
			dependencies = (
			);
			name = BOTMAKER;
			productName = BOTMAKER;
			productReference = 7CCD358C1BF78BB10097E830 /* BOTMAKER.app */;
			productType = "com.apple.product-type.application";
		};
		7CCD35A21BF78BB10097E830 /* BOTMAKERTests */ = {
			isa = PBXNativeTarget;
			buildConfigurationList = 7CCD35B01BF78BB10097E830 /* Build configuration list for PBXNativeTarget "BOTMAKERTests" */;
			buildPhases = (
				7CCD359F1BF78BB10097E830 /* Sources */,
				7CCD35A01BF78BB10097E830 /* Frameworks */,
				7CCD35A11BF78BB10097E830 /* Resources */,
			);
			buildRules = (
			);
			dependencies = (
				7CCD35A51BF78BB10097E830 /* PBXTargetDependency */,
			);
			name = BOTMAKERTests;
			productName = BOTMAKERTests;
			productReference = 7CCD35A31BF78BB10097E830 /* BOTMAKERTests.xctest */;
			productType = "com.apple.product-type.bundle.unit-test";
		};
/* End PBXNativeTarget section */

/* Begin PBXProject section */
		7CCD35841BF78BB10097E830 /* Project object */ = {
			isa = PBXProject;
			attributes = {
				LastSwiftMigration = 0710;
				LastSwiftUpdateCheck = 0710;
				LastUpgradeCheck = 0640;
				ORGANIZATIONNAME = "Kotaro Suto";
				TargetAttributes = {
					7CCD358B1BF78BB10097E830 = {
						CreatedOnToolsVersion = 6.4;
						SystemCapabilities = {
							com.apple.BackgroundModes = {
								enabled = 1;
							};
						};
					};
					7CCD35A21BF78BB10097E830 = {
						CreatedOnToolsVersion = 6.4;
						TestTargetID = 7CCD358B1BF78BB10097E830;
					};
				};
			};
			buildConfigurationList = 7CCD35871BF78BB10097E830 /* Build configuration list for PBXProject "BOTMAKER" */;
			compatibilityVersion = "Xcode 3.2";
			developmentRegion = English;
			hasScannedForEncodings = 0;
			knownRegions = (
				en,
				Base,
			);
			mainGroup = 7CCD35831BF78BB10097E830;
			productRefGroup = 7CCD358D1BF78BB10097E830 /* Products */;
			projectDirPath = "";
			projectRoot = "";
			targets = (
				7CCD358B1BF78BB10097E830 /* BOTMAKER */,
				7CCD35A21BF78BB10097E830 /* BOTMAKERTests */,
			);
		};
/* End PBXProject section */

/* Begin PBXResourcesBuildPhase section */
		7CCD358A1BF78BB10097E830 /* Resources */ = {
			isa = PBXResourcesBuildPhase;
			buildActionMask = 2147483647;
			files = (
				7CCD35BA1BF78CEE0097E830 /* TwitterKitResources.bundle in Resources */,
				7CCD35991BF78BB10097E830 /* Main.storyboard in Resources */,
				7C08CC231C60933300F54015 /* back.png in Resources */,
				7CCD359E1BF78BB10097E830 /* LaunchScreen.xib in Resources */,
				7C80531D1C3CD5E400F6A2D4 /* Untitled.png in Resources */,
				7CCD359B1BF78BB10097E830 /* Images.xcassets in Resources */,
			);
			runOnlyForDeploymentPostprocessing = 0;
		};
		7CCD35A11BF78BB10097E830 /* Resources */ = {
			isa = PBXResourcesBuildPhase;
			buildActionMask = 2147483647;
			files = (
			);
			runOnlyForDeploymentPostprocessing = 0;
		};
/* End PBXResourcesBuildPhase section */

/* Begin PBXShellScriptBuildPhase section */
		7CCD35B31BF78CBD0097E830 /* ShellScript */ = {
			isa = PBXShellScriptBuildPhase;
			buildActionMask = 2147483647;
			files = (
			);
			inputPaths = (
			);
			outputPaths = (
			);
			runOnlyForDeploymentPostprocessing = 0;
			shellPath = /bin/sh;
			shellScript = "./Fabric.framework/run 26d6ce49ab90f31d8d4c4eb4a96ec01e8bdbddcf f9d474582c6c8baab4dd71fe5c68b09986180f7f5bb00b26894c215ceaab9b62";
		};
/* End PBXShellScriptBuildPhase section */

/* Begin PBXSourcesBuildPhase section */
		7CCD35881BF78BB10097E830 /* Sources */ = {
			isa = PBXSourcesBuildPhase;
			buildActionMask = 2147483647;
			files = (
				7CCD35961BF78BB10097E830 /* DetailViewController.swift in Sources */,
				7CCD35941BF78BB10097E830 /* MasterViewController.swift in Sources */,
				7CCD35BD1BFCB7550097E830 /* AddViewController.swift in Sources */,
				7CCD35FD1C007A0D0097E830 /* LoginViewController.swift in Sources */,
				7CCD35921BF78BB10097E830 /* AppDelegate.swift in Sources */,
			);
			runOnlyForDeploymentPostprocessing = 0;
		};
		7CCD359F1BF78BB10097E830 /* Sources */ = {
			isa = PBXSourcesBuildPhase;
			buildActionMask = 2147483647;
			files = (
				7CCD35AA1BF78BB10097E830 /* BOTMAKERTests.swift in Sources */,
			);
			runOnlyForDeploymentPostprocessing = 0;
		};
/* End PBXSourcesBuildPhase section */

/* Begin PBXTargetDependency section */
		7CCD35A51BF78BB10097E830 /* PBXTargetDependency */ = {
			isa = PBXTargetDependency;
			target = 7CCD358B1BF78BB10097E830 /* BOTMAKER */;
			targetProxy = 7CCD35A41BF78BB10097E830 /* PBXContainerItemProxy */;
		};
/* End PBXTargetDependency section */

/* Begin PBXVariantGroup section */
		7CCD35971BF78BB10097E830 /* Main.storyboard */ = {
			isa = PBXVariantGroup;
			children = (
				7CCD35981BF78BB10097E830 /* Base */,
			);
			name = Main.storyboard;
			sourceTree = "<group>";
		};
		7CCD359C1BF78BB10097E830 /* LaunchScreen.xib */ = {
			isa = PBXVariantGroup;
			children = (
				7CCD359D1BF78BB10097E830 /* Base */,
			);
			name = LaunchScreen.xib;
			sourceTree = "<group>";
		};
/* End PBXVariantGroup section */

/* Begin XCBuildConfiguration section */
		7CCD35AB1BF78BB10097E830 /* Debug */ = {
			isa = XCBuildConfiguration;
			buildSettings = {
				ALWAYS_SEARCH_USER_PATHS = NO;
				CLANG_CXX_LANGUAGE_STANDARD = "gnu++0x";
				CLANG_CXX_LIBRARY = "libc++";
				CLANG_ENABLE_MODULES = YES;
				CLANG_ENABLE_OBJC_ARC = YES;
				CLANG_WARN_BOOL_CONVERSION = YES;
				CLANG_WARN_CONSTANT_CONVERSION = YES;
				CLANG_WARN_DIRECT_OBJC_ISA_USAGE = YES_ERROR;
				CLANG_WARN_EMPTY_BODY = YES;
				CLANG_WARN_ENUM_CONVERSION = YES;
				CLANG_WARN_INT_CONVERSION = YES;
				CLANG_WARN_OBJC_ROOT_CLASS = YES_ERROR;
				CLANG_WARN_UNREACHABLE_CODE = YES;
				CLANG_WARN__DUPLICATE_METHOD_MATCH = YES;
				"CODE_SIGN_IDENTITY[sdk=iphoneos*]" = "iPhone Developer";
				COPY_PHASE_STRIP = NO;
				DEBUG_INFORMATION_FORMAT = "dwarf-with-dsym";
				ENABLE_STRICT_OBJC_MSGSEND = YES;
				GCC_C_LANGUAGE_STANDARD = gnu99;
				GCC_DYNAMIC_NO_PIC = NO;
				GCC_NO_COMMON_BLOCKS = YES;
				GCC_OPTIMIZATION_LEVEL = 0;
				GCC_PREPROCESSOR_DEFINITIONS = (
					"DEBUG=1",
					"$(inherited)",
				);
				GCC_SYMBOLS_PRIVATE_EXTERN = NO;
				GCC_WARN_64_TO_32_BIT_CONVERSION = YES;
				GCC_WARN_ABOUT_RETURN_TYPE = YES_ERROR;
				GCC_WARN_UNDECLARED_SELECTOR = YES;
				GCC_WARN_UNINITIALIZED_AUTOS = YES_AGGRESSIVE;
				GCC_WARN_UNUSED_FUNCTION = YES;
				GCC_WARN_UNUSED_VARIABLE = YES;
				IPHONEOS_DEPLOYMENT_TARGET = 8.4;
				MTL_ENABLE_DEBUG_INFO = YES;
				ONLY_ACTIVE_ARCH = YES;
				SDKROOT = iphoneos;
				SWIFT_OPTIMIZATION_LEVEL = "-Onone";
			};
			name = Debug;
		};
		7CCD35AC1BF78BB10097E830 /* Release */ = {
			isa = XCBuildConfiguration;
			buildSettings = {
				ALWAYS_SEARCH_USER_PATHS = NO;
				CLANG_CXX_LANGUAGE_STANDARD = "gnu++0x";
				CLANG_CXX_LIBRARY = "libc++";
				CLANG_ENABLE_MODULES = YES;
				CLANG_ENABLE_OBJC_ARC = YES;
				CLANG_WARN_BOOL_CONVERSION = YES;
				CLANG_WARN_CONSTANT_CONVERSION = YES;
				CLANG_WARN_DIRECT_OBJC_ISA_USAGE = YES_ERROR;
				CLANG_WARN_EMPTY_BODY = YES;
				CLANG_WARN_ENUM_CONVERSION = YES;
				CLANG_WARN_INT_CONVERSION = YES;
				CLANG_WARN_OBJC_ROOT_CLASS = YES_ERROR;
				CLANG_WARN_UNREACHABLE_CODE = YES;
				CLANG_WARN__DUPLICATE_METHOD_MATCH = YES;
				"CODE_SIGN_IDENTITY[sdk=iphoneos*]" = "iPhone Developer";
				COPY_PHASE_STRIP = NO;
				DEBUG_INFORMATION_FORMAT = "dwarf-with-dsym";
				ENABLE_NS_ASSERTIONS = NO;
				ENABLE_STRICT_OBJC_MSGSEND = YES;
				GCC_C_LANGUAGE_STANDARD = gnu99;
				GCC_NO_COMMON_BLOCKS = YES;
				GCC_WARN_64_TO_32_BIT_CONVERSION = YES;
				GCC_WARN_ABOUT_RETURN_TYPE = YES_ERROR;
				GCC_WARN_UNDECLARED_SELECTOR = YES;
				GCC_WARN_UNINITIALIZED_AUTOS = YES_AGGRESSIVE;
				GCC_WARN_UNUSED_FUNCTION = YES;
				GCC_WARN_UNUSED_VARIABLE = YES;
				IPHONEOS_DEPLOYMENT_TARGET = 8.4;
				MTL_ENABLE_DEBUG_INFO = NO;
				SDKROOT = iphoneos;
				VALIDATE_PRODUCT = YES;
			};
			name = Release;
		};
		7CCD35AE1BF78BB10097E830 /* Debug */ = {
			isa = XCBuildConfiguration;
			buildSettings = {
				ASSETCATALOG_COMPILER_APPICON_NAME = "AppIcon-1";
				FRAMEWORK_SEARCH_PATHS = (
					"$(inherited)",
					"$(PROJECT_DIR)/BOTMAKER",
				);
				INFOPLIST_FILE = BOTMAKER/Info.plist;
				IPHONEOS_DEPLOYMENT_TARGET = 8.0;
				LD_RUNPATH_SEARCH_PATHS = "$(inherited) @executable_path/Frameworks";
				PRODUCT_NAME = "$(TARGET_NAME)";
			};
			name = Debug;
		};
		7CCD35AF1BF78BB10097E830 /* Release */ = {
			isa = XCBuildConfiguration;
			buildSettings = {
				ASSETCATALOG_COMPILER_APPICON_NAME = "AppIcon-1";
				FRAMEWORK_SEARCH_PATHS = (
					"$(inherited)",
					"$(PROJECT_DIR)/BOTMAKER",
				);
				INFOPLIST_FILE = BOTMAKER/Info.plist;
				IPHONEOS_DEPLOYMENT_TARGET = 8.0;
				LD_RUNPATH_SEARCH_PATHS = "$(inherited) @executable_path/Frameworks";
				PRODUCT_NAME = "$(TARGET_NAME)";
			};
			name = Release;
		};
		7CCD35B11BF78BB10097E830 /* Debug */ = {
			isa = XCBuildConfiguration;
			buildSettings = {
				BUNDLE_LOADER = "$(TEST_HOST)";
				FRAMEWORK_SEARCH_PATHS = (
					"$(SDKROOT)/Developer/Library/Frameworks",
					"$(inherited)",
				);
				GCC_PREPROCESSOR_DEFINITIONS = (
					"DEBUG=1",
					"$(inherited)",
				);
				INFOPLIST_FILE = BOTMAKERTests/Info.plist;
				LD_RUNPATH_SEARCH_PATHS = "$(inherited) @executable_path/Frameworks @loader_path/Frameworks";
				PRODUCT_NAME = "$(TARGET_NAME)";
				TEST_HOST = "$(BUILT_PRODUCTS_DIR)/BOTMAKER.app/BOTMAKER";
			};
			name = Debug;
		};
		7CCD35B21BF78BB10097E830 /* Release */ = {
			isa = XCBuildConfiguration;
			buildSettings = {
				BUNDLE_LOADER = "$(TEST_HOST)";
				FRAMEWORK_SEARCH_PATHS = (
					"$(SDKROOT)/Developer/Library/Frameworks",
					"$(inherited)",
				);
				INFOPLIST_FILE = BOTMAKERTests/Info.plist;
				LD_RUNPATH_SEARCH_PATHS = "$(inherited) @executable_path/Frameworks @loader_path/Frameworks";
				PRODUCT_NAME = "$(TARGET_NAME)";
				TEST_HOST = "$(BUILT_PRODUCTS_DIR)/BOTMAKER.app/BOTMAKER";
			};
			name = Release;
		};
/* End XCBuildConfiguration section */

/* Begin XCConfigurationList section */
		7CCD35871BF78BB10097E830 /* Build configuration list for PBXProject "BOTMAKER" */ = {
			isa = XCConfigurationList;
			buildConfigurations = (
				7CCD35AB1BF78BB10097E830 /* Debug */,
				7CCD35AC1BF78BB10097E830 /* Release */,
			);
			defaultConfigurationIsVisible = 0;
			defaultConfigurationName = Release;
		};
		7CCD35AD1BF78BB10097E830 /* Build configuration list for PBXNativeTarget "BOTMAKER" */ = {
			isa = XCConfigurationList;
			buildConfigurations = (
				7CCD35AE1BF78BB10097E830 /* Debug */,
				7CCD35AF1BF78BB10097E830 /* Release */,
			);
			defaultConfigurationIsVisible = 0;
			defaultConfigurationName = Release;
		};
		7CCD35B01BF78BB10097E830 /* Build configuration list for PBXNativeTarget "BOTMAKERTests" */ = {
			isa = XCConfigurationList;
			buildConfigurations = (
				7CCD35B11BF78BB10097E830 /* Debug */,
				7CCD35B21BF78BB10097E830 /* Release */,
			);
			defaultConfigurationIsVisible = 0;
			defaultConfigurationName = Release;
		};
/* End XCConfigurationList section */
	};
	rootObject = 7CCD35841BF78BB10097E830 /* Project object */;
}
